// !$*UTF8*$!
{
	archiveVersion = 1;
	classes = {
	};
	objectVersion = 50;
	objects = {

/* Begin PBXBuildFile section */
		1830BC2D20DCAD1E00F9520C /* PhotoDetailsResponse.swift in Sources */ = {isa = PBXBuildFile; fileRef = 1830BC2C20DCAD1E00F9520C /* PhotoDetailsResponse.swift */; };
		184F3AAF20DA8B2700095544 /* FlickerCollectionViewCell.swift in Sources */ = {isa = PBXBuildFile; fileRef = 184F3AAE20DA8B2700095544 /* FlickerCollectionViewCell.swift */; };
		187CB1F020D939050061EC89 /* AppDelegate.swift in Sources */ = {isa = PBXBuildFile; fileRef = 187CB1EF20D939050061EC89 /* AppDelegate.swift */; };
		187CB1F220D939050061EC89 /* ViewController.swift in Sources */ = {isa = PBXBuildFile; fileRef = 187CB1F120D939050061EC89 /* ViewController.swift */; };
		187CB1F520D939050061EC89 /* Main.storyboard in Resources */ = {isa = PBXBuildFile; fileRef = 187CB1F320D939050061EC89 /* Main.storyboard */; };
		187CB1F820D939050061EC89 /* Flicker_Demo.xcdatamodeld in Sources */ = {isa = PBXBuildFile; fileRef = 187CB1F620D939050061EC89 /* Flicker_Demo.xcdatamodeld */; };
		187CB1FA20D939160061EC89 /* Assets.xcassets in Resources */ = {isa = PBXBuildFile; fileRef = 187CB1F920D939160061EC89 /* Assets.xcassets */; };
		187CB1FD20D939160061EC89 /* LaunchScreen.storyboard in Resources */ = {isa = PBXBuildFile; fileRef = 187CB1FB20D939160061EC89 /* LaunchScreen.storyboard */; };
		18CAFDC020DB5B9E00530B45 /* WebServiceHelper.swift in Sources */ = {isa = PBXBuildFile; fileRef = 18CAFDBF20DB5B9E00530B45 /* WebServiceHelper.swift */; };
		E88E054320DF5AAF006075A4 /* HelperViewModel.swift in Sources */ = {isa = PBXBuildFile; fileRef = E88E054220DF5AAF006075A4 /* HelperViewModel.swift */; };
		E88E054820DF9119006075A4 /* CustomFooterView.swift in Sources */ = {isa = PBXBuildFile; fileRef = E88E054620DF9119006075A4 /* CustomFooterView.swift */; };
		E88E054920DF9119006075A4 /* CustomFooterView.xib in Resources */ = {isa = PBXBuildFile; fileRef = E88E054720DF9119006075A4 /* CustomFooterView.xib */; };
/* End PBXBuildFile section */

/* Begin PBXFileReference section */
		1830BC2C20DCAD1E00F9520C /* PhotoDetailsResponse.swift */ = {isa = PBXFileReference; lastKnownFileType = sourcecode.swift; path = PhotoDetailsResponse.swift; sourceTree = "<group>"; };
		184F3AAE20DA8B2700095544 /* FlickerCollectionViewCell.swift */ = {isa = PBXFileReference; lastKnownFileType = sourcecode.swift; path = FlickerCollectionViewCell.swift; sourceTree = "<group>"; };
		187CB1EC20D939050061EC89 /* Flicker_Demo.app */ = {isa = PBXFileReference; explicitFileType = wrapper.application; includeInIndex = 0; path = Flicker_Demo.app; sourceTree = BUILT_PRODUCTS_DIR; };
		187CB1EF20D939050061EC89 /* AppDelegate.swift */ = {isa = PBXFileReference; lastKnownFileType = sourcecode.swift; path = AppDelegate.swift; sourceTree = "<group>"; };
		187CB1F120D939050061EC89 /* ViewController.swift */ = {isa = PBXFileReference; lastKnownFileType = sourcecode.swift; path = ViewController.swift; sourceTree = "<group>"; };
		187CB1F420D939050061EC89 /* Base */ = {isa = PBXFileReference; lastKnownFileType = file.storyboard; name = Base; path = Base.lproj/Main.storyboard; sourceTree = "<group>"; };
		187CB1F720D939050061EC89 /* Flicker_Demo.xcdatamodel */ = {isa = PBXFileReference; lastKnownFileType = wrapper.xcdatamodel; path = Flicker_Demo.xcdatamodel; sourceTree = "<group>"; };
		187CB1F920D939160061EC89 /* Assets.xcassets */ = {isa = PBXFileReference; lastKnownFileType = folder.assetcatalog; path = Assets.xcassets; sourceTree = "<group>"; };
		187CB1FC20D939160061EC89 /* Base */ = {isa = PBXFileReference; lastKnownFileType = file.storyboard; name = Base; path = Base.lproj/LaunchScreen.storyboard; sourceTree = "<group>"; };
		187CB1FE20D939160061EC89 /* Info.plist */ = {isa = PBXFileReference; lastKnownFileType = text.plist.xml; path = Info.plist; sourceTree = "<group>"; };
		18CAFDBF20DB5B9E00530B45 /* WebServiceHelper.swift */ = {isa = PBXFileReference; lastKnownFileType = sourcecode.swift; path = WebServiceHelper.swift; sourceTree = "<group>"; };
		E88E054220DF5AAF006075A4 /* HelperViewModel.swift */ = {isa = PBXFileReference; lastKnownFileType = sourcecode.swift; path = HelperViewModel.swift; sourceTree = "<group>"; };
		E88E054620DF9119006075A4 /* CustomFooterView.swift */ = {isa = PBXFileReference; fileEncoding = 4; lastKnownFileType = sourcecode.swift; path = CustomFooterView.swift; sourceTree = "<group>"; };
		E88E054720DF9119006075A4 /* CustomFooterView.xib */ = {isa = PBXFileReference; fileEncoding = 4; lastKnownFileType = file.xib; path = CustomFooterView.xib; sourceTree = "<group>"; };
/* End PBXFileReference section */

/* Begin PBXFrameworksBuildPhase section */
		187CB1E920D939050061EC89 /* Frameworks */ = {
			isa = PBXFrameworksBuildPhase;
			buildActionMask = 2147483647;
			files = (
			);
			runOnlyForDeploymentPostprocessing = 0;
		};
/* End PBXFrameworksBuildPhase section */

/* Begin PBXGroup section */
		184F3AAD20DA8AF700095544 /* CoillectionViewCell */ = {
			isa = PBXGroup;
			children = (
				E88E054620DF9119006075A4 /* CustomFooterView.swift */,
				E88E054720DF9119006075A4 /* CustomFooterView.xib */,
				184F3AAE20DA8B2700095544 /* FlickerCollectionViewCell.swift */,
			);
			path = CoillectionViewCell;
			sourceTree = "<group>";
		};
		187CB1E320D939040061EC89 = {
			isa = PBXGroup;
			children = (
				187CB1EE20D939050061EC89 /* Flicker_Demo */,
				187CB1ED20D939050061EC89 /* Products */,
			);
			sourceTree = "<group>";
		};
		187CB1ED20D939050061EC89 /* Products */ = {
			isa = PBXGroup;
			children = (
				187CB1EC20D939050061EC89 /* Flicker_Demo.app */,
			);
			name = Products;
			sourceTree = "<group>";
		};
		187CB1EE20D939050061EC89 /* Flicker_Demo */ = {
			isa = PBXGroup;
			children = (
				187CB20720D939940061EC89 /* AppDelegate */,
				187CB20520D9396C0061EC89 /* View */,
				187CB20420D9395B0061EC89 /* Model */,
				187CB20620D939790061EC89 /* ViewModel */,
				187CB20820D93A020061EC89 /* ImagesAssets */,
				187CB1FE20D939160061EC89 /* Info.plist */,
				187CB1F620D939050061EC89 /* Flicker_Demo.xcdatamodeld */,
			);
			path = Flicker_Demo;
			sourceTree = "<group>";
		};
		187CB20420D9395B0061EC89 /* Model */ = {
			isa = PBXGroup;
			children = (
				1830BC2C20DCAD1E00F9520C /* PhotoDetailsResponse.swift */,
			);
			path = Model;
			sourceTree = "<group>";
		};
		187CB20520D9396C0061EC89 /* View */ = {
			isa = PBXGroup;
			children = (
				187CB1F120D939050061EC89 /* ViewController.swift */,
				187CB1FB20D939160061EC89 /* LaunchScreen.storyboard */,
				187CB1F320D939050061EC89 /* Main.storyboard */,
				184F3AAD20DA8AF700095544 /* CoillectionViewCell */,
			);
			path = View;
			sourceTree = "<group>";
		};
		187CB20620D939790061EC89 /* ViewModel */ = {
			isa = PBXGroup;
			children = (
				18CAFDBF20DB5B9E00530B45 /* WebServiceHelper.swift */,
				E88E054220DF5AAF006075A4 /* HelperViewModel.swift */,
			);
			path = ViewModel;
			sourceTree = "<group>";
		};
		187CB20720D939940061EC89 /* AppDelegate */ = {
			isa = PBXGroup;
			children = (
				187CB1EF20D939050061EC89 /* AppDelegate.swift */,
			);
			path = AppDelegate;
			sourceTree = "<group>";
		};
		187CB20820D93A020061EC89 /* ImagesAssets */ = {
			isa = PBXGroup;
			children = (
				187CB1F920D939160061EC89 /* Assets.xcassets */,
			);
			path = ImagesAssets;
			sourceTree = "<group>";
		};
/* End PBXGroup section */

/* Begin PBXNativeTarget section */
		187CB1EB20D939050061EC89 /* Flicker_Demo */ = {
			isa = PBXNativeTarget;
			buildConfigurationList = 187CB20120D939160061EC89 /* Build configuration list for PBXNativeTarget "Flicker_Demo" */;
			buildPhases = (
				187CB1E820D939050061EC89 /* Sources */,
				187CB1E920D939050061EC89 /* Frameworks */,
				187CB1EA20D939050061EC89 /* Resources */,
			);
			buildRules = (
			);
			dependencies = (
			);
			name = Flicker_Demo;
			productName = Flicker_Demo;
			productReference = 187CB1EC20D939050061EC89 /* Flicker_Demo.app */;
			productType = "com.apple.product-type.application";
		};
/* End PBXNativeTarget section */

/* Begin PBXProject section */
		187CB1E420D939040061EC89 /* Project object */ = {
			isa = PBXProject;
			attributes = {
				LastSwiftUpdateCheck = 0940;
				LastUpgradeCheck = 0940;
				ORGANIZATIONNAME = Uber;
				TargetAttributes = {
					187CB1EB20D939050061EC89 = {
						CreatedOnToolsVersion = 9.4;
					};
				};
			};
			buildConfigurationList = 187CB1E720D939040061EC89 /* Build configuration list for PBXProject "Flicker_Demo" */;
			compatibilityVersion = "Xcode 9.3";
			developmentRegion = en;
			hasScannedForEncodings = 0;
			knownRegions = (
				en,
				Base,
			);
			mainGroup = 187CB1E320D939040061EC89;
			productRefGroup = 187CB1ED20D939050061EC89 /* Products */;
			projectDirPath = "";
			projectRoot = "";
			targets = (
				187CB1EB20D939050061EC89 /* Flicker_Demo */,
			);
		};
/* End PBXProject section */

/* Begin PBXResourcesBuildPhase section */
		187CB1EA20D939050061EC89 /* Resources */ = {
			isa = PBXResourcesBuildPhase;
			buildActionMask = 2147483647;
			files = (
				187CB1FD20D939160061EC89 /* LaunchScreen.storyboard in Resources */,
				187CB1FA20D939160061EC89 /* Assets.xcassets in Resources */,
				E88E054920DF9119006075A4 /* CustomFooterView.xib in Resources */,
				187CB1F520D939050061EC89 /* Main.storyboard in Resources */,
			);
			runOnlyForDeploymentPostprocessing = 0;
		};
/* End PBXResourcesBuildPhase section */

/* Begin PBXSourcesBuildPhase section */
		187CB1E820D939050061EC89 /* Sources */ = {
			isa = PBXSourcesBuildPhase;
			buildActionMask = 2147483647;
			files = (
				187CB1F820D939050061EC89 /* Flicker_Demo.xcdatamodeld in Sources */,
				18CAFDC020DB5B9E00530B45 /* WebServiceHelper.swift in Sources */,
				1830BC2D20DCAD1E00F9520C /* PhotoDetailsResponse.swift in Sources */,
				184F3AAF20DA8B2700095544 /* FlickerCollectionViewCell.swift in Sources */,
				187CB1F220D939050061EC89 /* ViewController.swift in Sources */,
				187CB1F020D939050061EC89 /* AppDelegate.swift in Sources */,
				E88E054820DF9119006075A4 /* CustomFooterView.swift in Sources */,
				E88E054320DF5AAF006075A4 /* HelperViewModel.swift in Sources */,
			);
			runOnlyForDeploymentPostprocessing = 0;
		};
/* End PBXSourcesBuildPhase section */

/* Begin PBXVariantGroup section */
		187CB1F320D939050061EC89 /* Main.storyboard */ = {
			isa = PBXVariantGroup;
			children = (
				187CB1F420D939050061EC89 /* Base */,
			);
			name = Main.storyboard;
			sourceTree = "<group>";
		};
		187CB1FB20D939160061EC89 /* LaunchScreen.storyboard */ = {
			isa = PBXVariantGroup;
			children = (
				187CB1FC20D939160061EC89 /* Base */,
			);
			name = LaunchScreen.storyboard;
			sourceTree = "<group>";
		};
/* End PBXVariantGroup section */

/* Begin XCBuildConfiguration section */
		187CB1FF20D939160061EC89 /* Debug */ = {
			isa = XCBuildConfiguration;
			buildSettings = {
				ALWAYS_SEARCH_USER_PATHS = NO;
				CLANG_ANALYZER_NONNULL = YES;
				CLANG_ANALYZER_NUMBER_OBJECT_CONVERSION = YES_AGGRESSIVE;
				CLANG_CXX_LANGUAGE_STANDARD = "gnu++14";
				CLANG_CXX_LIBRARY = "libc++";
				CLANG_ENABLE_MODULES = YES;
				CLANG_ENABLE_OBJC_ARC = YES;
				CLANG_ENABLE_OBJC_WEAK = YES;
				CLANG_WARN_BLOCK_CAPTURE_AUTORELEASING = YES;
				CLANG_WARN_BOOL_CONVERSION = YES;
				CLANG_WARN_COMMA = YES;
				CLANG_WARN_CONSTANT_CONVERSION = YES;
				CLANG_WARN_DEPRECATED_OBJC_IMPLEMENTATIONS = YES;
				CLANG_WARN_DIRECT_OBJC_ISA_USAGE = YES_ERROR;
				CLANG_WARN_DOCUMENTATION_COMMENTS = YES;
				CLANG_WARN_EMPTY_BODY = YES;
				CLANG_WARN_ENUM_CONVERSION = YES;
				CLANG_WARN_INFINITE_RECURSION = YES;
				CLANG_WARN_INT_CONVERSION = YES;
				CLANG_WARN_NON_LITERAL_NULL_CONVERSION = YES;
				CLANG_WARN_OBJC_IMPLICIT_RETAIN_SELF = YES;
				CLANG_WARN_OBJC_LITERAL_CONVERSION = YES;
				CLANG_WARN_OBJC_ROOT_CLASS = YES_ERROR;
				CLANG_WARN_RANGE_LOOP_ANALYSIS = YES;
				CLANG_WARN_STRICT_PROTOTYPES = YES;
				CLANG_WARN_SUSPICIOUS_MOVE = YES;
				CLANG_WARN_UNGUARDED_AVAILABILITY = YES_AGGRESSIVE;
				CLANG_WARN_UNREACHABLE_CODE = YES;
				CLANG_WARN__DUPLICATE_METHOD_MATCH = YES;
				CODE_SIGN_IDENTITY = "iPhone Developer";
				COPY_PHASE_STRIP = NO;
				DEBUG_INFORMATION_FORMAT = dwarf;
				ENABLE_STRICT_OBJC_MSGSEND = YES;
				ENABLE_TESTABILITY = YES;
				GCC_C_LANGUAGE_STANDARD = gnu11;
				GCC_DYNAMIC_NO_PIC = NO;
				GCC_NO_COMMON_BLOCKS = YES;
				GCC_OPTIMIZATION_LEVEL = 0;
				GCC_PREPROCESSOR_DEFINITIONS = (
					"DEBUG=1",
					"$(inherited)",
				);
				GCC_WARN_64_TO_32_BIT_CONVERSION = YES;
				GCC_WARN_ABOUT_RETURN_TYPE = YES_ERROR;
				GCC_WARN_UNDECLARED_SELECTOR = YES;
				GCC_WARN_UNINITIALIZED_AUTOS = YES_AGGRESSIVE;
				GCC_WARN_UNUSED_FUNCTION = YES;
				GCC_WARN_UNUSED_VARIABLE = YES;
				IPHONEOS_DEPLOYMENT_TARGET = 11.4;
				MTL_ENABLE_DEBUG_INFO = YES;
				ONLY_ACTIVE_ARCH = YES;
				SDKROOT = iphoneos;
				SWIFT_ACTIVE_COMPILATION_CONDITIONS = DEBUG;
				SWIFT_OPTIMIZATION_LEVEL = "-Onone";
			};
			name = Debug;
		};
		187CB20020D939160061EC89 /* Release */ = {
			isa = XCBuildConfiguration;
			buildSettings = {
				ALWAYS_SEARCH_USER_PATHS = NO;
				CLANG_ANALYZER_NONNULL = YES;
				CLANG_ANALYZER_NUMBER_OBJECT_CONVERSION = YES_AGGRESSIVE;
				CLANG_CXX_LANGUAGE_STANDARD = "gnu++14";
				CLANG_CXX_LIBRARY = "libc++";
				CLANG_ENABLE_MODULES = YES;
				CLANG_ENABLE_OBJC_ARC = YES;
				CLANG_ENABLE_OBJC_WEAK = YES;
				CLANG_WARN_BLOCK_CAPTURE_AUTORELEASING = YES;
				CLANG_WARN_BOOL_CONVERSION = YES;
				CLANG_WARN_COMMA = YES;
				CLANG_WARN_CONSTANT_CONVERSION = YES;
				CLANG_WARN_DEPRECATED_OBJC_IMPLEMENTATIONS = YES;
				CLANG_WARN_DIRECT_OBJC_ISA_USAGE = YES_ERROR;
				CLANG_WARN_DOCUMENTATION_COMMENTS = YES;
				CLANG_WARN_EMPTY_BODY = YES;
				CLANG_WARN_ENUM_CONVERSION = YES;
				CLANG_WARN_INFINITE_RECURSION = YES;
				CLANG_WARN_INT_CONVERSION = YES;
				CLANG_WARN_NON_LITERAL_NULL_CONVERSION = YES;
				CLANG_WARN_OBJC_IMPLICIT_RETAIN_SELF = YES;
				CLANG_WARN_OBJC_LITERAL_CONVERSION = YES;
				CLANG_WARN_OBJC_ROOT_CLASS = YES_ERROR;
				CLANG_WARN_RANGE_LOOP_ANALYSIS = YES;
				CLANG_WARN_STRICT_PROTOTYPES = YES;
				CLANG_WARN_SUSPICIOUS_MOVE = YES;
				CLANG_WARN_UNGUARDED_AVAILABILITY = YES_AGGRESSIVE;
				CLANG_WARN_UNREACHABLE_CODE = YES;
				CLANG_WARN__DUPLICATE_METHOD_MATCH = YES;
				CODE_SIGN_IDENTITY = "iPhone Developer";
				COPY_PHASE_STRIP = NO;
				DEBUG_INFORMATION_FORMAT = "dwarf-with-dsym";
				ENABLE_NS_ASSERTIONS = NO;
				ENABLE_STRICT_OBJC_MSGSEND = YES;
				GCC_C_LANGUAGE_STANDARD = gnu11;
				GCC_NO_COMMON_BLOCKS = YES;
				GCC_WARN_64_TO_32_BIT_CONVERSION = YES;
				GCC_WARN_ABOUT_RETURN_TYPE = YES_ERROR;
				GCC_WARN_UNDECLARED_SELECTOR = YES;
				GCC_WARN_UNINITIALIZED_AUTOS = YES_AGGRESSIVE;
				GCC_WARN_UNUSED_FUNCTION = YES;
				GCC_WARN_UNUSED_VARIABLE = YES;
				IPHONEOS_DEPLOYMENT_TARGET = 11.4;
				MTL_ENABLE_DEBUG_INFO = NO;
				SDKROOT = iphoneos;
				SWIFT_COMPILATION_MODE = wholemodule;
				SWIFT_OPTIMIZATION_LEVEL = "-O";
				VALIDATE_PRODUCT = YES;
			};
			name = Release;
		};
		187CB20220D939160061EC89 /* Debug */ = {
			isa = XCBuildConfiguration;
			buildSettings = {
				ASSETCATALOG_COMPILER_APPICON_NAME = AppIcon;
				CODE_SIGN_STYLE = Automatic;
				INFOPLIST_FILE = Flicker_Demo/Info.plist;
				LD_RUNPATH_SEARCH_PATHS = (
					"$(inherited)",
					"@executable_path/Frameworks",
				);
				PRODUCT_BUNDLE_IDENTIFIER = "com.demo.Flickr-Demo";
				PRODUCT_NAME = "$(TARGET_NAME)";
				SWIFT_VERSION = 4.0;
				TARGETED_DEVICE_FAMILY = "1,2";
			};
			name = Debug;
		};
		187CB20320D939160061EC89 /* Release */ = {
			isa = XCBuildConfiguration;
			buildSettings = {
				ASSETCATALOG_COMPILER_APPICON_NAME = AppIcon;
				CODE_SIGN_STYLE = Automatic;
				INFOPLIST_FILE = Flicker_Demo/Info.plist;
				LD_RUNPATH_SEARCH_PATHS = (
					"$(inherited)",
					"@executable_path/Frameworks",
				);
				PRODUCT_BUNDLE_IDENTIFIER = "com.demo.Flickr-Demo";
				PRODUCT_NAME = "$(TARGET_NAME)";
				SWIFT_VERSION = 4.0;
				TARGETED_DEVICE_FAMILY = "1,2";
			};
			name = Release;
		};
/* End XCBuildConfiguration section */

/* Begin XCConfigurationList section */
		187CB1E720D939040061EC89 /* Build configuration list for PBXProject "Flicker_Demo" */ = {
			isa = XCConfigurationList;
			buildConfigurations = (
				187CB1FF20D939160061EC89 /* Debug */,
				187CB20020D939160061EC89 /* Release */,
			);
			defaultConfigurationIsVisible = 0;
			defaultConfigurationName = Release;
		};
		187CB20120D939160061EC89 /* Build configuration list for PBXNativeTarget "Flicker_Demo" */ = {
			isa = XCConfigurationList;
			buildConfigurations = (
				187CB20220D939160061EC89 /* Debug */,
				187CB20320D939160061EC89 /* Release */,
			);
			defaultConfigurationIsVisible = 0;
			defaultConfigurationName = Release;
		};
/* End XCConfigurationList section */

/* Begin XCVersionGroup section */
		187CB1F620D939050061EC89 /* Flicker_Demo.xcdatamodeld */ = {
			isa = XCVersionGroup;
			children = (
				187CB1F720D939050061EC89 /* Flicker_Demo.xcdatamodel */,
			);
			currentVersion = 187CB1F720D939050061EC89 /* Flicker_Demo.xcdatamodel */;
			path = Flicker_Demo.xcdatamodeld;
			sourceTree = "<group>";
			versionGroupType = wrapper.xcdatamodel;
		};
/* End XCVersionGroup section */
	};
	rootObject = 187CB1E420D939040061EC89 /* Project object */;
}
